// !$*UTF8*$!
{
	archiveVersion = 1;
	classes = {
	};
	objectVersion = 51;
	objects = {

/* Begin PBXBuildFile section */
		1C4818BE247CDF03001B0324 /* AppDelegate.swift in Sources */ = {isa = PBXBuildFile; fileRef = 1C4818BD247CDF03001B0324 /* AppDelegate.swift */; };
		1C4818C2247CDF03001B0324 /* CharacterViewController.swift in Sources */ = {isa = PBXBuildFile; fileRef = 1C4818C1247CDF03001B0324 /* CharacterViewController.swift */; };
		1C4818C7247CDF06001B0324 /* Assets.xcassets in Resources */ = {isa = PBXBuildFile; fileRef = 1C4818C6247CDF06001B0324 /* Assets.xcassets */; };
		1C4818CA247CDF06001B0324 /* LaunchScreen.storyboard in Resources */ = {isa = PBXBuildFile; fileRef = 1C4818C8247CDF06001B0324 /* LaunchScreen.storyboard */; };
		1CCAC45B247CE363009AC08C /* CharacterRouter.swift in Sources */ = {isa = PBXBuildFile; fileRef = 1CCAC45A247CE363009AC08C /* CharacterRouter.swift */; };
		1CCAC45D247CE36B009AC08C /* CharacterInteractor.swift in Sources */ = {isa = PBXBuildFile; fileRef = 1CCAC45C247CE36B009AC08C /* CharacterInteractor.swift */; };
		1CCAC45F247CE372009AC08C /* CharacterPresenter.swift in Sources */ = {isa = PBXBuildFile; fileRef = 1CCAC45E247CE372009AC08C /* CharacterPresenter.swift */; };
		1CCAC461247CE383009AC08C /* CharacterConfigurator.swift in Sources */ = {isa = PBXBuildFile; fileRef = 1CCAC460247CE383009AC08C /* CharacterConfigurator.swift */; };
		1CCAC463247CF7F5009AC08C /* CharacterView.swift in Sources */ = {isa = PBXBuildFile; fileRef = 1CCAC462247CF7F5009AC08C /* CharacterView.swift */; };
		1CE9D684247D7B2E00C8AAF6 /* CharacterService.swift in Sources */ = {isa = PBXBuildFile; fileRef = 1CE9D683247D7B2E00C8AAF6 /* CharacterService.swift */; };
		1CEF92AE2480EF4200643631 /* Model.xcdatamodeld in Sources */ = {isa = PBXBuildFile; fileRef = 1CEF92AC2480EF4200643631 /* Model.xcdatamodeld */; };
		1CEF92B02480FC5400643631 /* PersistentContainerProvider.swift in Sources */ = {isa = PBXBuildFile; fileRef = 1CEF92AF2480FC5400643631 /* PersistentContainerProvider.swift */; };
		1CEF92B32481760700643631 /* CharacterDetailView.swift in Sources */ = {isa = PBXBuildFile; fileRef = 1CEF92B22481760700643631 /* CharacterDetailView.swift */; };
		1CEF92B52481761100643631 /* CharacterDetailViewController.swift in Sources */ = {isa = PBXBuildFile; fileRef = 1CEF92B42481761100643631 /* CharacterDetailViewController.swift */; };
		1CEF92B72481762800643631 /* CharacterDetailInteractor.swift in Sources */ = {isa = PBXBuildFile; fileRef = 1CEF92B62481762800643631 /* CharacterDetailInteractor.swift */; };
		1CEF92B92481763000643631 /* CharacterDetailPresenter.swift in Sources */ = {isa = PBXBuildFile; fileRef = 1CEF92B82481763000643631 /* CharacterDetailPresenter.swift */; };
		1CEF92BB2481763700643631 /* CharacterDetailRouter.swift in Sources */ = {isa = PBXBuildFile; fileRef = 1CEF92BA2481763700643631 /* CharacterDetailRouter.swift */; };
		1CEF92BD2481764000643631 /* CharacterDetailConfigurator.swift in Sources */ = {isa = PBXBuildFile; fileRef = 1CEF92BC2481764000643631 /* CharacterDetailConfigurator.swift */; };
		1CEF92BF2482B6F300643631 /* Ext+UIViewController.swift in Sources */ = {isa = PBXBuildFile; fileRef = 1CEF92BE2482B6F300643631 /* Ext+UIViewController.swift */; };
		E94C9DC027FC3D7000CB0822 /* NetworkService.swift in Sources */ = {isa = PBXBuildFile; fileRef = E94C9DBF27FC3D7000CB0822 /* NetworkService.swift */; };
		E94C9DC227FC3ECF00CB0822 /* Constants.swift in Sources */ = {isa = PBXBuildFile; fileRef = E94C9DC127FC3ECF00CB0822 /* Constants.swift */; };
		E94C9DC627FD77A100CB0822 /* CharacterRow.swift in Sources */ = {isa = PBXBuildFile; fileRef = E94C9DC427FD77A100CB0822 /* CharacterRow.swift */; };
		E94C9DC727FD77A100CB0822 /* CharacterRow.xib in Resources */ = {isa = PBXBuildFile; fileRef = E94C9DC527FD77A100CB0822 /* CharacterRow.xib */; };
		E94C9DD527FDAD9000CB0822 /* CGRect+Center.swift in Sources */ = {isa = PBXBuildFile; fileRef = E94C9DCF27FDAD9000CB0822 /* CGRect+Center.swift */; };
		E94C9DD627FDAD9000CB0822 /* CAPropertyAnimation+Key.swift in Sources */ = {isa = PBXBuildFile; fileRef = E94C9DD027FDAD9000CB0822 /* CAPropertyAnimation+Key.swift */; };
		E94C9DD727FDAD9000CB0822 /* UIBezierPath+Circle.swift in Sources */ = {isa = PBXBuildFile; fileRef = E94C9DD127FDAD9000CB0822 /* UIBezierPath+Circle.swift */; };
		E94C9DD827FDAD9000CB0822 /* CGSize+Min.swift in Sources */ = {isa = PBXBuildFile; fileRef = E94C9DD227FDAD9000CB0822 /* CGSize+Min.swift */; };
		E94C9DD927FDAD9000CB0822 /* MaterialActivityIndicatorAnimator.swift in Sources */ = {isa = PBXBuildFile; fileRef = E94C9DD327FDAD9000CB0822 /* MaterialActivityIndicatorAnimator.swift */; };
		E94C9DDA27FDAD9000CB0822 /* MaterialActivityIndicator.swift in Sources */ = {isa = PBXBuildFile; fileRef = E94C9DD427FDAD9000CB0822 /* MaterialActivityIndicator.swift */; };
		E9AA987327FDB2AA00B79324 /* Clean_VIP_Unit_Testing.swift in Sources */ = {isa = PBXBuildFile; fileRef = E9AA987227FDB2AA00B79324 /* Clean_VIP_Unit_Testing.swift */; };
		E9AA988027FDB2C700B79324 /* Clean_VIP_UI_Testing.swift in Sources */ = {isa = PBXBuildFile; fileRef = E9AA987F27FDB2C700B79324 /* Clean_VIP_UI_Testing.swift */; };
		E9AA988227FDB2C700B79324 /* Clean_VIP_UI_TestingLaunchTests.swift in Sources */ = {isa = PBXBuildFile; fileRef = E9AA988127FDB2C700B79324 /* Clean_VIP_UI_TestingLaunchTests.swift */; };
		E9AA993227FEC9A200B79324 /* CharactersData.swift in Sources */ = {isa = PBXBuildFile; fileRef = E9AA993127FEC9A200B79324 /* CharactersData.swift */; };
		E9AA996127FEE26000B79324 /* Clean_VIP_Snapshot_Testing.swift in Sources */ = {isa = PBXBuildFile; fileRef = E9AA996027FEE26000B79324 /* Clean_VIP_Snapshot_Testing.swift */; };
/* End PBXBuildFile section */

/* Begin PBXContainerItemProxy section */
		E9AA987427FDB2AA00B79324 /* PBXContainerItemProxy */ = {
			isa = PBXContainerItemProxy;
			containerPortal = 1C4818B2247CDF03001B0324 /* Project object */;
			proxyType = 1;
			remoteGlobalIDString = 1C4818B9247CDF03001B0324;
			remoteInfo = "Clean-VIP";
		};
		E9AA988327FDB2C700B79324 /* PBXContainerItemProxy */ = {
			isa = PBXContainerItemProxy;
			containerPortal = 1C4818B2247CDF03001B0324 /* Project object */;
			proxyType = 1;
			remoteGlobalIDString = 1C4818B9247CDF03001B0324;
			remoteInfo = "Clean-VIP";
		};
/* End PBXContainerItemProxy section */

/* Begin PBXFileReference section */
		1C4818BA247CDF03001B0324 /* Clean-VIP.app */ = {isa = PBXFileReference; explicitFileType = wrapper.application; includeInIndex = 0; path = "Clean-VIP.app"; sourceTree = BUILT_PRODUCTS_DIR; };
		1C4818BD247CDF03001B0324 /* AppDelegate.swift */ = {isa = PBXFileReference; lastKnownFileType = sourcecode.swift; path = AppDelegate.swift; sourceTree = "<group>"; };
		1C4818C1247CDF03001B0324 /* CharacterViewController.swift */ = {isa = PBXFileReference; lastKnownFileType = sourcecode.swift; path = CharacterViewController.swift; sourceTree = "<group>"; };
		1C4818C6247CDF06001B0324 /* Assets.xcassets */ = {isa = PBXFileReference; lastKnownFileType = folder.assetcatalog; path = Assets.xcassets; sourceTree = "<group>"; };
		1C4818C9247CDF06001B0324 /* Base */ = {isa = PBXFileReference; lastKnownFileType = file.storyboard; name = Base; path = Base.lproj/LaunchScreen.storyboard; sourceTree = "<group>"; };
		1C4818CB247CDF06001B0324 /* Info.plist */ = {isa = PBXFileReference; lastKnownFileType = text.plist.xml; path = Info.plist; sourceTree = "<group>"; };
		1CCAC45A247CE363009AC08C /* CharacterRouter.swift */ = {isa = PBXFileReference; lastKnownFileType = sourcecode.swift; path = CharacterRouter.swift; sourceTree = "<group>"; };
		1CCAC45C247CE36B009AC08C /* CharacterInteractor.swift */ = {isa = PBXFileReference; lastKnownFileType = sourcecode.swift; path = CharacterInteractor.swift; sourceTree = "<group>"; };
		1CCAC45E247CE372009AC08C /* CharacterPresenter.swift */ = {isa = PBXFileReference; lastKnownFileType = sourcecode.swift; path = CharacterPresenter.swift; sourceTree = "<group>"; };
		1CCAC460247CE383009AC08C /* CharacterConfigurator.swift */ = {isa = PBXFileReference; lastKnownFileType = sourcecode.swift; path = CharacterConfigurator.swift; sourceTree = "<group>"; };
		1CCAC462247CF7F5009AC08C /* CharacterView.swift */ = {isa = PBXFileReference; lastKnownFileType = sourcecode.swift; path = CharacterView.swift; sourceTree = "<group>"; };
		1CE9D683247D7B2E00C8AAF6 /* CharacterService.swift */ = {isa = PBXFileReference; lastKnownFileType = sourcecode.swift; path = CharacterService.swift; sourceTree = "<group>"; };
		1CEF92AD2480EF4200643631 /* Title.xcdatamodel */ = {isa = PBXFileReference; lastKnownFileType = wrapper.xcdatamodel; path = Title.xcdatamodel; sourceTree = "<group>"; };
		1CEF92AF2480FC5400643631 /* PersistentContainerProvider.swift */ = {isa = PBXFileReference; lastKnownFileType = sourcecode.swift; path = PersistentContainerProvider.swift; sourceTree = "<group>"; };
		1CEF92B22481760700643631 /* CharacterDetailView.swift */ = {isa = PBXFileReference; lastKnownFileType = sourcecode.swift; path = CharacterDetailView.swift; sourceTree = "<group>"; };
		1CEF92B42481761100643631 /* CharacterDetailViewController.swift */ = {isa = PBXFileReference; lastKnownFileType = sourcecode.swift; path = CharacterDetailViewController.swift; sourceTree = "<group>"; };
		1CEF92B62481762800643631 /* CharacterDetailInteractor.swift */ = {isa = PBXFileReference; lastKnownFileType = sourcecode.swift; path = CharacterDetailInteractor.swift; sourceTree = "<group>"; };
		1CEF92B82481763000643631 /* CharacterDetailPresenter.swift */ = {isa = PBXFileReference; lastKnownFileType = sourcecode.swift; path = CharacterDetailPresenter.swift; sourceTree = "<group>"; };
		1CEF92BA2481763700643631 /* CharacterDetailRouter.swift */ = {isa = PBXFileReference; lastKnownFileType = sourcecode.swift; path = CharacterDetailRouter.swift; sourceTree = "<group>"; };
		1CEF92BC2481764000643631 /* CharacterDetailConfigurator.swift */ = {isa = PBXFileReference; lastKnownFileType = sourcecode.swift; path = CharacterDetailConfigurator.swift; sourceTree = "<group>"; };
		1CEF92BE2482B6F300643631 /* Ext+UIViewController.swift */ = {isa = PBXFileReference; lastKnownFileType = sourcecode.swift; path = "Ext+UIViewController.swift"; sourceTree = "<group>"; };
		E94C9DBF27FC3D7000CB0822 /* NetworkService.swift */ = {isa = PBXFileReference; lastKnownFileType = sourcecode.swift; path = NetworkService.swift; sourceTree = "<group>"; };
		E94C9DC127FC3ECF00CB0822 /* Constants.swift */ = {isa = PBXFileReference; lastKnownFileType = sourcecode.swift; path = Constants.swift; sourceTree = "<group>"; };
		E94C9DC427FD77A100CB0822 /* CharacterRow.swift */ = {isa = PBXFileReference; lastKnownFileType = sourcecode.swift; path = CharacterRow.swift; sourceTree = "<group>"; };
		E94C9DC527FD77A100CB0822 /* CharacterRow.xib */ = {isa = PBXFileReference; lastKnownFileType = file.xib; path = CharacterRow.xib; sourceTree = "<group>"; };
		E94C9DCF27FDAD9000CB0822 /* CGRect+Center.swift */ = {isa = PBXFileReference; fileEncoding = 4; lastKnownFileType = sourcecode.swift; path = "CGRect+Center.swift"; sourceTree = "<group>"; };
		E94C9DD027FDAD9000CB0822 /* CAPropertyAnimation+Key.swift */ = {isa = PBXFileReference; fileEncoding = 4; lastKnownFileType = sourcecode.swift; path = "CAPropertyAnimation+Key.swift"; sourceTree = "<group>"; };
		E94C9DD127FDAD9000CB0822 /* UIBezierPath+Circle.swift */ = {isa = PBXFileReference; fileEncoding = 4; lastKnownFileType = sourcecode.swift; path = "UIBezierPath+Circle.swift"; sourceTree = "<group>"; };
		E94C9DD227FDAD9000CB0822 /* CGSize+Min.swift */ = {isa = PBXFileReference; fileEncoding = 4; lastKnownFileType = sourcecode.swift; path = "CGSize+Min.swift"; sourceTree = "<group>"; };
		E94C9DD327FDAD9000CB0822 /* MaterialActivityIndicatorAnimator.swift */ = {isa = PBXFileReference; fileEncoding = 4; lastKnownFileType = sourcecode.swift; path = MaterialActivityIndicatorAnimator.swift; sourceTree = "<group>"; };
		E94C9DD427FDAD9000CB0822 /* MaterialActivityIndicator.swift */ = {isa = PBXFileReference; fileEncoding = 4; lastKnownFileType = sourcecode.swift; path = MaterialActivityIndicator.swift; sourceTree = "<group>"; };
		E9AA987027FDB2AA00B79324 /* Clean-VIP-Unit-Testing.xctest */ = {isa = PBXFileReference; explicitFileType = wrapper.cfbundle; includeInIndex = 0; path = "Clean-VIP-Unit-Testing.xctest"; sourceTree = BUILT_PRODUCTS_DIR; };
		E9AA987227FDB2AA00B79324 /* Clean_VIP_Unit_Testing.swift */ = {isa = PBXFileReference; lastKnownFileType = sourcecode.swift; path = Clean_VIP_Unit_Testing.swift; sourceTree = "<group>"; };
		E9AA987D27FDB2C700B79324 /* Clean-VIP-UI-Testing.xctest */ = {isa = PBXFileReference; explicitFileType = wrapper.cfbundle; includeInIndex = 0; path = "Clean-VIP-UI-Testing.xctest"; sourceTree = BUILT_PRODUCTS_DIR; };
		E9AA987F27FDB2C700B79324 /* Clean_VIP_UI_Testing.swift */ = {isa = PBXFileReference; lastKnownFileType = sourcecode.swift; path = Clean_VIP_UI_Testing.swift; sourceTree = "<group>"; };
		E9AA988127FDB2C700B79324 /* Clean_VIP_UI_TestingLaunchTests.swift */ = {isa = PBXFileReference; lastKnownFileType = sourcecode.swift; path = Clean_VIP_UI_TestingLaunchTests.swift; sourceTree = "<group>"; };
		E9AA993127FEC9A200B79324 /* CharactersData.swift */ = {isa = PBXFileReference; lastKnownFileType = sourcecode.swift; path = CharactersData.swift; sourceTree = "<group>"; };
		E9AA996027FEE26000B79324 /* Clean_VIP_Snapshot_Testing.swift */ = {isa = PBXFileReference; lastKnownFileType = sourcecode.swift; path = Clean_VIP_Snapshot_Testing.swift; sourceTree = "<group>"; };
/* End PBXFileReference section */

/* Begin PBXFrameworksBuildPhase section */
		1C4818B7247CDF03001B0324 /* Frameworks */ = {
			isa = PBXFrameworksBuildPhase;
			buildActionMask = 2147483647;
			files = (
			);
			runOnlyForDeploymentPostprocessing = 0;
		};
		E9AA986D27FDB2AA00B79324 /* Frameworks */ = {
			isa = PBXFrameworksBuildPhase;
			buildActionMask = 2147483647;
			files = (
			);
			runOnlyForDeploymentPostprocessing = 0;
		};
		E9AA987A27FDB2C700B79324 /* Frameworks */ = {
			isa = PBXFrameworksBuildPhase;
			buildActionMask = 2147483647;
			files = (
			);
			runOnlyForDeploymentPostprocessing = 0;
		};
/* End PBXFrameworksBuildPhase section */

/* Begin PBXGroup section */
		1C390276247CDFC900797273 /* Application Layer */ = {
			isa = PBXGroup;
			children = (
				1C4818BD247CDF03001B0324 /* AppDelegate.swift */,
			);
			path = "Application Layer";
			sourceTree = "<group>";
		};
		1C390277247CDFD200797273 /* Presentation Layer */ = {
			isa = PBXGroup;
			children = (
				1CCAC465247D6A36009AC08C /* Modules */,
			);
			path = "Presentation Layer";
			sourceTree = "<group>";
		};
		1C390278247CDFDA00797273 /* Business Logic Layer */ = {
			isa = PBXGroup;
			children = (
				1CEF92B12481758200643631 /* Entities */,
				1CE9D67D247D6D4700C8AAF6 /* Services */,
			);
			path = "Business Logic Layer";
			sourceTree = "<group>";
		};
		1C390279247CDFE100797273 /* Core Layer */ = {
			isa = PBXGroup;
			children = (
				E94C9DC327FC6A6C00CB0822 /* Network */,
				1CE9D680247D733E00C8AAF6 /* Storage */,
			);
			path = "Core Layer";
			sourceTree = "<group>";
		};
		1C4818B1247CDF03001B0324 = {
			isa = PBXGroup;
			children = (
				1C4818BC247CDF03001B0324 /* Clean-VIP */,
				E9AA987127FDB2AA00B79324 /* Clean-VIP-Unit-Testing */,
				E9AA987E27FDB2C700B79324 /* Clean-VIP-UI-Testing */,
				1C4818BB247CDF03001B0324 /* Products */,
				9150C33F88AA592E4C9D216A /* Pods */,
			);
			sourceTree = "<group>";
		};
		1C4818BB247CDF03001B0324 /* Products */ = {
			isa = PBXGroup;
			children = (
				1C4818BA247CDF03001B0324 /* Clean-VIP.app */,
				E9AA987027FDB2AA00B79324 /* Clean-VIP-Unit-Testing.xctest */,
				E9AA987D27FDB2C700B79324 /* Clean-VIP-UI-Testing.xctest */,
			);
			name = Products;
			sourceTree = "<group>";
		};
		1C4818BC247CDF03001B0324 /* Clean-VIP */ = {
			isa = PBXGroup;
			children = (
				1C390276247CDFC900797273 /* Application Layer */,
				1C390277247CDFD200797273 /* Presentation Layer */,
				1C390278247CDFDA00797273 /* Business Logic Layer */,
				1C390279247CDFE100797273 /* Core Layer */,
				1C4818D1247CDF2F001B0324 /* Supporting Files */,
			);
			path = "Clean-VIP";
			sourceTree = "<group>";
		};
		1C4818D1247CDF2F001B0324 /* Supporting Files */ = {
			isa = PBXGroup;
			children = (
				E94C9DCE27FDAD9000CB0822 /* Extensions */,
				E94C9DDB27FDADB300CB0822 /* Shared */,
				1C4818C6247CDF06001B0324 /* Assets.xcassets */,
				1C4818C8247CDF06001B0324 /* LaunchScreen.storyboard */,
				1C4818CB247CDF06001B0324 /* Info.plist */,
			);
			path = "Supporting Files";
			sourceTree = "<group>";
		};
		1CCAC465247D6A36009AC08C /* Modules */ = {
			isa = PBXGroup;
			children = (
				1CCAC466247D6A3D009AC08C /* Character */,
				1CCAC467247D6A4A009AC08C /* Character Detail */,
				E94C9DC827FD77A900CB0822 /* Components */,
			);
			path = Modules;
			sourceTree = "<group>";
		};
		1CCAC466247D6A3D009AC08C /* Character */ = {
			isa = PBXGroup;
			children = (
				1CCAC462247CF7F5009AC08C /* CharacterView.swift */,
				1C4818C1247CDF03001B0324 /* CharacterViewController.swift */,
				1CCAC45C247CE36B009AC08C /* CharacterInteractor.swift */,
				1CCAC45E247CE372009AC08C /* CharacterPresenter.swift */,
				1CCAC45A247CE363009AC08C /* CharacterRouter.swift */,
				1CCAC460247CE383009AC08C /* CharacterConfigurator.swift */,
			);
			path = Character;
			sourceTree = "<group>";
		};
		1CCAC467247D6A4A009AC08C /* Character Detail */ = {
			isa = PBXGroup;
			children = (
				1CEF92B22481760700643631 /* CharacterDetailView.swift */,
				1CEF92B42481761100643631 /* CharacterDetailViewController.swift */,
				1CEF92B62481762800643631 /* CharacterDetailInteractor.swift */,
				1CEF92B82481763000643631 /* CharacterDetailPresenter.swift */,
				1CEF92BA2481763700643631 /* CharacterDetailRouter.swift */,
				1CEF92BC2481764000643631 /* CharacterDetailConfigurator.swift */,
			);
			path = "Character Detail";
			sourceTree = "<group>";
		};
		1CE9D67D247D6D4700C8AAF6 /* Services */ = {
			isa = PBXGroup;
			children = (
				1CE9D683247D7B2E00C8AAF6 /* CharacterService.swift */,
			);
			path = Services;
			sourceTree = "<group>";
		};
		1CE9D680247D733E00C8AAF6 /* Storage */ = {
			isa = PBXGroup;
			children = (
				1CEF92AF2480FC5400643631 /* PersistentContainerProvider.swift */,
			);
			path = Storage;
			sourceTree = "<group>";
		};
		1CEF92B12481758200643631 /* Entities */ = {
			isa = PBXGroup;
			children = (
				1CEF92AC2480EF4200643631 /* Model.xcdatamodeld */,
			);
			path = Entities;
			sourceTree = "<group>";
		};
		9150C33F88AA592E4C9D216A /* Pods */ = {
			isa = PBXGroup;
			children = (
			);
			path = Pods;
			sourceTree = "<group>";
		};
		E94C9DC327FC6A6C00CB0822 /* Network */ = {
			isa = PBXGroup;
			children = (
				E94C9DBF27FC3D7000CB0822 /* NetworkService.swift */,
			);
			path = Network;
			sourceTree = "<group>";
		};
		E94C9DC827FD77A900CB0822 /* Components */ = {
			isa = PBXGroup;
			children = (
				E94C9DCD27FDAD9000CB0822 /* ActivityIndicator */,
				E94C9DCA27FDAD6600CB0822 /* Row */,
			);
			path = Components;
			sourceTree = "<group>";
		};
		E94C9DCA27FDAD6600CB0822 /* Row */ = {
			isa = PBXGroup;
			children = (
				E94C9DC427FD77A100CB0822 /* CharacterRow.swift */,
				E94C9DC527FD77A100CB0822 /* CharacterRow.xib */,
			);
			path = Row;
			sourceTree = "<group>";
		};
		E94C9DCD27FDAD9000CB0822 /* ActivityIndicator */ = {
			isa = PBXGroup;
			children = (
				E94C9DD327FDAD9000CB0822 /* MaterialActivityIndicatorAnimator.swift */,
				E94C9DD427FDAD9000CB0822 /* MaterialActivityIndicator.swift */,
			);
			path = ActivityIndicator;
			sourceTree = "<group>";
		};
		E94C9DCE27FDAD9000CB0822 /* Extensions */ = {
			isa = PBXGroup;
			children = (
				1CEF92BE2482B6F300643631 /* Ext+UIViewController.swift */,
				E94C9DCF27FDAD9000CB0822 /* CGRect+Center.swift */,
				E94C9DD027FDAD9000CB0822 /* CAPropertyAnimation+Key.swift */,
				E94C9DD127FDAD9000CB0822 /* UIBezierPath+Circle.swift */,
				E94C9DD227FDAD9000CB0822 /* CGSize+Min.swift */,
			);
			path = Extensions;
			sourceTree = "<group>";
		};
		E94C9DDB27FDADB300CB0822 /* Shared */ = {
			isa = PBXGroup;
			children = (
				E94C9DC127FC3ECF00CB0822 /* Constants.swift */,
			);
			path = Shared;
			sourceTree = "<group>";
		};
		E9AA987127FDB2AA00B79324 /* Clean-VIP-Unit-Testing */ = {
			isa = PBXGroup;
			children = (
				E9AA987227FDB2AA00B79324 /* Clean_VIP_Unit_Testing.swift */,
				E9AA996027FEE26000B79324 /* Clean_VIP_Snapshot_Testing.swift */,
				E9AA995F27FEE13500B79324 /* Data */,
			);
			path = "Clean-VIP-Unit-Testing";
			sourceTree = "<group>";
		};
		E9AA987E27FDB2C700B79324 /* Clean-VIP-UI-Testing */ = {
			isa = PBXGroup;
			children = (
				E9AA987F27FDB2C700B79324 /* Clean_VIP_UI_Testing.swift */,
				E9AA988127FDB2C700B79324 /* Clean_VIP_UI_TestingLaunchTests.swift */,
			);
			path = "Clean-VIP-UI-Testing";
			sourceTree = "<group>";
		};
		E9AA995F27FEE13500B79324 /* Data */ = {
			isa = PBXGroup;
			children = (
				E9AA993127FEC9A200B79324 /* CharactersData.swift */,
			);
			path = Data;
			sourceTree = "<group>";
		};
/* End PBXGroup section */

/* Begin PBXNativeTarget section */
		1C4818B9247CDF03001B0324 /* Clean-VIP */ = {
			isa = PBXNativeTarget;
			buildConfigurationList = 1C4818CE247CDF06001B0324 /* Build configuration list for PBXNativeTarget "Clean-VIP" */;
			buildPhases = (
				1C4818B6247CDF03001B0324 /* Sources */,
				1C4818B7247CDF03001B0324 /* Frameworks */,
				1C4818B8247CDF03001B0324 /* Resources */,
			);
			buildRules = (
			);
			dependencies = (
			);
			name = "Clean-VIP";
			productName = "Clean-VIP";
			productReference = 1C4818BA247CDF03001B0324 /* Clean-VIP.app */;
			productType = "com.apple.product-type.application";
		};
		E9AA986F27FDB2AA00B79324 /* Clean-VIP-Unit-Testing */ = {
			isa = PBXNativeTarget;
			buildConfigurationList = E9AA987827FDB2AA00B79324 /* Build configuration list for PBXNativeTarget "Clean-VIP-Unit-Testing" */;
			buildPhases = (
				E9AA986C27FDB2AA00B79324 /* Sources */,
				E9AA986D27FDB2AA00B79324 /* Frameworks */,
				E9AA986E27FDB2AA00B79324 /* Resources */,
			);
			buildRules = (
			);
			dependencies = (
				E9AA987527FDB2AA00B79324 /* PBXTargetDependency */,
			);
			name = "Clean-VIP-Unit-Testing";
			productName = "Clean-VIP-Unit-Testing";
			productReference = E9AA987027FDB2AA00B79324 /* Clean-VIP-Unit-Testing.xctest */;
			productType = "com.apple.product-type.bundle.unit-test";
		};
		E9AA987C27FDB2C700B79324 /* Clean-VIP-UI-Testing */ = {
			isa = PBXNativeTarget;
			buildConfigurationList = E9AA988527FDB2C700B79324 /* Build configuration list for PBXNativeTarget "Clean-VIP-UI-Testing" */;
			buildPhases = (
				E9AA987927FDB2C700B79324 /* Sources */,
				E9AA987A27FDB2C700B79324 /* Frameworks */,
				E9AA987B27FDB2C700B79324 /* Resources */,
			);
			buildRules = (
			);
			dependencies = (
				E9AA988427FDB2C700B79324 /* PBXTargetDependency */,
			);
			name = "Clean-VIP-UI-Testing";
			productName = "Clean-VIP-UI-Testing";
			productReference = E9AA987D27FDB2C700B79324 /* Clean-VIP-UI-Testing.xctest */;
			productType = "com.apple.product-type.bundle.ui-testing";
		};
/* End PBXNativeTarget section */

/* Begin PBXProject section */
		1C4818B2247CDF03001B0324 /* Project object */ = {
			isa = PBXProject;
			attributes = {
				LastSwiftUpdateCheck = 1330;
				LastUpgradeCheck = 1140;
				ORGANIZATIONNAME = Zafar;
				TargetAttributes = {
					1C4818B9247CDF03001B0324 = {
						CreatedOnToolsVersion = 11.4.1;
					};
					E9AA986F27FDB2AA00B79324 = {
						CreatedOnToolsVersion = 13.3;
						TestTargetID = 1C4818B9247CDF03001B0324;
					};
					E9AA987C27FDB2C700B79324 = {
						CreatedOnToolsVersion = 13.3;
						TestTargetID = 1C4818B9247CDF03001B0324;
					};
				};
			};
			buildConfigurationList = 1C4818B5247CDF03001B0324 /* Build configuration list for PBXProject "Clean-VIP" */;
			compatibilityVersion = "Xcode 9.3";
			developmentRegion = en;
			hasScannedForEncodings = 0;
			knownRegions = (
				en,
				Base,
			);
			mainGroup = 1C4818B1247CDF03001B0324;
			productRefGroup = 1C4818BB247CDF03001B0324 /* Products */;
			projectDirPath = "";
			projectRoot = "";
			targets = (
				1C4818B9247CDF03001B0324 /* Clean-VIP */,
				E9AA986F27FDB2AA00B79324 /* Clean-VIP-Unit-Testing */,
				E9AA987C27FDB2C700B79324 /* Clean-VIP-UI-Testing */,
			);
		};
/* End PBXProject section */

/* Begin PBXResourcesBuildPhase section */
		1C4818B8247CDF03001B0324 /* Resources */ = {
			isa = PBXResourcesBuildPhase;
			buildActionMask = 2147483647;
			files = (
				1C4818CA247CDF06001B0324 /* LaunchScreen.storyboard in Resources */,
				E94C9DC727FD77A100CB0822 /* CharacterRow.xib in Resources */,
				1C4818C7247CDF06001B0324 /* Assets.xcassets in Resources */,
			);
			runOnlyForDeploymentPostprocessing = 0;
		};
		E9AA986E27FDB2AA00B79324 /* Resources */ = {
			isa = PBXResourcesBuildPhase;
			buildActionMask = 2147483647;
			files = (
			);
			runOnlyForDeploymentPostprocessing = 0;
		};
		E9AA987B27FDB2C700B79324 /* Resources */ = {
			isa = PBXResourcesBuildPhase;
			buildActionMask = 2147483647;
			files = (
			);
			runOnlyForDeploymentPostprocessing = 0;
		};
/* End PBXResourcesBuildPhase section */

/* Begin PBXSourcesBuildPhase section */
		1C4818B6247CDF03001B0324 /* Sources */ = {
			isa = PBXSourcesBuildPhase;
			buildActionMask = 2147483647;
			files = (
				1CEF92BD2481764000643631 /* CharacterDetailConfigurator.swift in Sources */,
				E94C9DC227FC3ECF00CB0822 /* Constants.swift in Sources */,
				1CEF92AE2480EF4200643631 /* Model.xcdatamodeld in Sources */,
				1C4818C2247CDF03001B0324 /* CharacterViewController.swift in Sources */,
				1CEF92B52481761100643631 /* CharacterDetailViewController.swift in Sources */,
				E94C9DD627FDAD9000CB0822 /* CAPropertyAnimation+Key.swift in Sources */,
				E94C9DC027FC3D7000CB0822 /* NetworkService.swift in Sources */,
				1CCAC463247CF7F5009AC08C /* CharacterView.swift in Sources */,
				1CCAC45F247CE372009AC08C /* CharacterPresenter.swift in Sources */,
				E94C9DDA27FDAD9000CB0822 /* MaterialActivityIndicator.swift in Sources */,
				1CEF92B02480FC5400643631 /* PersistentContainerProvider.swift in Sources */,
				1CEF92B92481763000643631 /* CharacterDetailPresenter.swift in Sources */,
				E94C9DD927FDAD9000CB0822 /* MaterialActivityIndicatorAnimator.swift in Sources */,
				E94C9DC627FD77A100CB0822 /* CharacterRow.swift in Sources */,
				1CCAC45D247CE36B009AC08C /* CharacterInteractor.swift in Sources */,
				1CEF92B72481762800643631 /* CharacterDetailInteractor.swift in Sources */,
				1CCAC461247CE383009AC08C /* CharacterConfigurator.swift in Sources */,
				1CEF92B32481760700643631 /* CharacterDetailView.swift in Sources */,
				1CEF92BB2481763700643631 /* CharacterDetailRouter.swift in Sources */,
				E94C9DD727FDAD9000CB0822 /* UIBezierPath+Circle.swift in Sources */,
				1C4818BE247CDF03001B0324 /* AppDelegate.swift in Sources */,
				1CEF92BF2482B6F300643631 /* Ext+UIViewController.swift in Sources */,
				E94C9DD527FDAD9000CB0822 /* CGRect+Center.swift in Sources */,
				1CE9D684247D7B2E00C8AAF6 /* CharacterService.swift in Sources */,
				1CCAC45B247CE363009AC08C /* CharacterRouter.swift in Sources */,
				E94C9DD827FDAD9000CB0822 /* CGSize+Min.swift in Sources */,
			);
			runOnlyForDeploymentPostprocessing = 0;
		};
		E9AA986C27FDB2AA00B79324 /* Sources */ = {
			isa = PBXSourcesBuildPhase;
			buildActionMask = 2147483647;
			files = (
				E9AA996127FEE26000B79324 /* Clean_VIP_Snapshot_Testing.swift in Sources */,
				E9AA987327FDB2AA00B79324 /* Clean_VIP_Unit_Testing.swift in Sources */,
				E9AA993227FEC9A200B79324 /* CharactersData.swift in Sources */,
			);
			runOnlyForDeploymentPostprocessing = 0;
		};
		E9AA987927FDB2C700B79324 /* Sources */ = {
			isa = PBXSourcesBuildPhase;
			buildActionMask = 2147483647;
			files = (
				E9AA988027FDB2C700B79324 /* Clean_VIP_UI_Testing.swift in Sources */,
				E9AA988227FDB2C700B79324 /* Clean_VIP_UI_TestingLaunchTests.swift in Sources */,
			);
			runOnlyForDeploymentPostprocessing = 0;
		};
/* End PBXSourcesBuildPhase section */

/* Begin PBXTargetDependency section */
		E9AA987527FDB2AA00B79324 /* PBXTargetDependency */ = {
			isa = PBXTargetDependency;
			target = 1C4818B9247CDF03001B0324 /* Clean-VIP */;
			targetProxy = E9AA987427FDB2AA00B79324 /* PBXContainerItemProxy */;
		};
		E9AA988427FDB2C700B79324 /* PBXTargetDependency */ = {
			isa = PBXTargetDependency;
			target = 1C4818B9247CDF03001B0324 /* Clean-VIP */;
			targetProxy = E9AA988327FDB2C700B79324 /* PBXContainerItemProxy */;
		};
/* End PBXTargetDependency section */

/* Begin PBXVariantGroup section */
		1C4818C8247CDF06001B0324 /* LaunchScreen.storyboard */ = {
			isa = PBXVariantGroup;
			children = (
				1C4818C9247CDF06001B0324 /* Base */,
			);
			name = LaunchScreen.storyboard;
			sourceTree = "<group>";
		};
/* End PBXVariantGroup section */

/* Begin XCBuildConfiguration section */
		1C4818CC247CDF06001B0324 /* Debug */ = {
			isa = XCBuildConfiguration;
			buildSettings = {
				ALWAYS_SEARCH_USER_PATHS = NO;
				CLANG_ANALYZER_NONNULL = YES;
				CLANG_ANALYZER_NUMBER_OBJECT_CONVERSION = YES_AGGRESSIVE;
				CLANG_CXX_LANGUAGE_STANDARD = "gnu++14";
				CLANG_CXX_LIBRARY = "libc++";
				CLANG_ENABLE_MODULES = YES;
				CLANG_ENABLE_OBJC_ARC = YES;
				CLANG_ENABLE_OBJC_WEAK = YES;
				CLANG_WARN_BLOCK_CAPTURE_AUTORELEASING = YES;
				CLANG_WARN_BOOL_CONVERSION = YES;
				CLANG_WARN_COMMA = YES;
				CLANG_WARN_CONSTANT_CONVERSION = YES;
				CLANG_WARN_DEPRECATED_OBJC_IMPLEMENTATIONS = YES;
				CLANG_WARN_DIRECT_OBJC_ISA_USAGE = YES_ERROR;
				CLANG_WARN_DOCUMENTATION_COMMENTS = YES;
				CLANG_WARN_EMPTY_BODY = YES;
				CLANG_WARN_ENUM_CONVERSION = YES;
				CLANG_WARN_INFINITE_RECURSION = YES;
				CLANG_WARN_INT_CONVERSION = YES;
				CLANG_WARN_NON_LITERAL_NULL_CONVERSION = YES;
				CLANG_WARN_OBJC_IMPLICIT_RETAIN_SELF = YES;
				CLANG_WARN_OBJC_LITERAL_CONVERSION = YES;
				CLANG_WARN_OBJC_ROOT_CLASS = YES_ERROR;
				CLANG_WARN_RANGE_LOOP_ANALYSIS = YES;
				CLANG_WARN_STRICT_PROTOTYPES = YES;
				CLANG_WARN_SUSPICIOUS_MOVE = YES;
				CLANG_WARN_UNGUARDED_AVAILABILITY = YES_AGGRESSIVE;
				CLANG_WARN_UNREACHABLE_CODE = YES;
				CLANG_WARN__DUPLICATE_METHOD_MATCH = YES;
				COPY_PHASE_STRIP = NO;
				DEBUG_INFORMATION_FORMAT = dwarf;
				ENABLE_STRICT_OBJC_MSGSEND = YES;
				ENABLE_TESTABILITY = YES;
				GCC_C_LANGUAGE_STANDARD = gnu11;
				GCC_DYNAMIC_NO_PIC = NO;
				GCC_NO_COMMON_BLOCKS = YES;
				GCC_OPTIMIZATION_LEVEL = 0;
				GCC_PREPROCESSOR_DEFINITIONS = (
					"DEBUG=1",
					"$(inherited)",
				);
				GCC_WARN_64_TO_32_BIT_CONVERSION = YES;
				GCC_WARN_ABOUT_RETURN_TYPE = YES_ERROR;
				GCC_WARN_UNDECLARED_SELECTOR = YES;
				GCC_WARN_UNINITIALIZED_AUTOS = YES_AGGRESSIVE;
				GCC_WARN_UNUSED_FUNCTION = YES;
				GCC_WARN_UNUSED_VARIABLE = YES;
				IPHONEOS_DEPLOYMENT_TARGET = 13.4;
				MTL_ENABLE_DEBUG_INFO = INCLUDE_SOURCE;
				MTL_FAST_MATH = YES;
				ONLY_ACTIVE_ARCH = YES;
				SDKROOT = iphoneos;
				SWIFT_ACTIVE_COMPILATION_CONDITIONS = DEBUG;
				SWIFT_OPTIMIZATION_LEVEL = "-Onone";
			};
			name = Debug;
		};
		1C4818CD247CDF06001B0324 /* Release */ = {
			isa = XCBuildConfiguration;
			buildSettings = {
				ALWAYS_SEARCH_USER_PATHS = NO;
				CLANG_ANALYZER_NONNULL = YES;
				CLANG_ANALYZER_NUMBER_OBJECT_CONVERSION = YES_AGGRESSIVE;
				CLANG_CXX_LANGUAGE_STANDARD = "gnu++14";
				CLANG_CXX_LIBRARY = "libc++";
				CLANG_ENABLE_MODULES = YES;
				CLANG_ENABLE_OBJC_ARC = YES;
				CLANG_ENABLE_OBJC_WEAK = YES;
				CLANG_WARN_BLOCK_CAPTURE_AUTORELEASING = YES;
				CLANG_WARN_BOOL_CONVERSION = YES;
				CLANG_WARN_COMMA = YES;
				CLANG_WARN_CONSTANT_CONVERSION = YES;
				CLANG_WARN_DEPRECATED_OBJC_IMPLEMENTATIONS = YES;
				CLANG_WARN_DIRECT_OBJC_ISA_USAGE = YES_ERROR;
				CLANG_WARN_DOCUMENTATION_COMMENTS = YES;
				CLANG_WARN_EMPTY_BODY = YES;
				CLANG_WARN_ENUM_CONVERSION = YES;
				CLANG_WARN_INFINITE_RECURSION = YES;
				CLANG_WARN_INT_CONVERSION = YES;
				CLANG_WARN_NON_LITERAL_NULL_CONVERSION = YES;
				CLANG_WARN_OBJC_IMPLICIT_RETAIN_SELF = YES;
				CLANG_WARN_OBJC_LITERAL_CONVERSION = YES;
				CLANG_WARN_OBJC_ROOT_CLASS = YES_ERROR;
				CLANG_WARN_RANGE_LOOP_ANALYSIS = YES;
				CLANG_WARN_STRICT_PROTOTYPES = YES;
				CLANG_WARN_SUSPICIOUS_MOVE = YES;
				CLANG_WARN_UNGUARDED_AVAILABILITY = YES_AGGRESSIVE;
				CLANG_WARN_UNREACHABLE_CODE = YES;
				CLANG_WARN__DUPLICATE_METHOD_MATCH = YES;
				COPY_PHASE_STRIP = NO;
				DEBUG_INFORMATION_FORMAT = "dwarf-with-dsym";
				ENABLE_NS_ASSERTIONS = NO;
				ENABLE_STRICT_OBJC_MSGSEND = YES;
				GCC_C_LANGUAGE_STANDARD = gnu11;
				GCC_NO_COMMON_BLOCKS = YES;
				GCC_WARN_64_TO_32_BIT_CONVERSION = YES;
				GCC_WARN_ABOUT_RETURN_TYPE = YES_ERROR;
				GCC_WARN_UNDECLARED_SELECTOR = YES;
				GCC_WARN_UNINITIALIZED_AUTOS = YES_AGGRESSIVE;
				GCC_WARN_UNUSED_FUNCTION = YES;
				GCC_WARN_UNUSED_VARIABLE = YES;
				IPHONEOS_DEPLOYMENT_TARGET = 13.4;
				MTL_ENABLE_DEBUG_INFO = NO;
				MTL_FAST_MATH = YES;
				SDKROOT = iphoneos;
				SWIFT_COMPILATION_MODE = wholemodule;
				SWIFT_OPTIMIZATION_LEVEL = "-O";
				VALIDATE_PRODUCT = YES;
			};
			name = Release;
		};
		1C4818CF247CDF06001B0324 /* Debug */ = {
			isa = XCBuildConfiguration;
			buildSettings = {
				ASSETCATALOG_COMPILER_APPICON_NAME = AppIcon;
				CODE_SIGN_IDENTITY = "Apple Development";
				CODE_SIGN_STYLE = Automatic;
				DEVELOPMENT_TEAM = 8B69224RVC;
				INFOPLIST_EXPAND_BUILD_SETTINGS = YES;
				INFOPLIST_FILE = "Clean-VIP/Supporting Files/Info.plist";
				IPHONEOS_DEPLOYMENT_TARGET = 13.0;
				LD_RUNPATH_SEARCH_PATHS = (
					"$(inherited)",
					"@executable_path/Frameworks",
				);
				PRODUCT_BUNDLE_IDENTIFIER = com.vip.architecture.sample;
				PRODUCT_NAME = "$(TARGET_NAME)";
				PROVISIONING_PROFILE_SPECIFIER = "";
				SWIFT_VERSION = 5.0;
				TARGETED_DEVICE_FAMILY = 1;
			};
			name = Debug;
		};
		1C4818D0247CDF06001B0324 /* Release */ = {
			isa = XCBuildConfiguration;
			buildSettings = {
				ASSETCATALOG_COMPILER_APPICON_NAME = AppIcon;
				CODE_SIGN_IDENTITY = "Apple Development";
				CODE_SIGN_STYLE = Automatic;
				DEVELOPMENT_TEAM = 8B69224RVC;
				INFOPLIST_EXPAND_BUILD_SETTINGS = YES;
				INFOPLIST_FILE = "Clean-VIP/Supporting Files/Info.plist";
				IPHONEOS_DEPLOYMENT_TARGET = 13.0;
				LD_RUNPATH_SEARCH_PATHS = (
					"$(inherited)",
					"@executable_path/Frameworks",
				);
				PRODUCT_BUNDLE_IDENTIFIER = com.vip.architecture.sample;
				PRODUCT_NAME = "$(TARGET_NAME)";
				PROVISIONING_PROFILE_SPECIFIER = "";
				SWIFT_VERSION = 5.0;
				TARGETED_DEVICE_FAMILY = 1;
			};
			name = Release;
		};
		E9AA987627FDB2AA00B79324 /* Debug */ = {
			isa = XCBuildConfiguration;
			buildSettings = {
				BUNDLE_LOADER = "$(TEST_HOST)";
				CLANG_CXX_LANGUAGE_STANDARD = "gnu++17";
				CLANG_WARN_QUOTED_INCLUDE_IN_FRAMEWORK_HEADER = YES;
				CODE_SIGN_STYLE = Automatic;
				CURRENT_PROJECT_VERSION = 1;
				DEVELOPMENT_TEAM = M578899TL9;
				GENERATE_INFOPLIST_FILE = YES;
				IPHONEOS_DEPLOYMENT_TARGET = 15.4;
				MARKETING_VERSION = 1.0;
				PRODUCT_BUNDLE_IDENTIFIER = "com.psa.ceawimc.Clean-VIP-Unit-Testing";
				PRODUCT_NAME = "$(TARGET_NAME)";
				SWIFT_EMIT_LOC_STRINGS = NO;
				SWIFT_VERSION = 5.0;
				TARGETED_DEVICE_FAMILY = "1,2";
				TEST_HOST = "$(BUILT_PRODUCTS_DIR)/Clean-VIP.app/Clean-VIP";
			};
			name = Debug;
		};
		E9AA987727FDB2AA00B79324 /* Release */ = {
			isa = XCBuildConfiguration;
			buildSettings = {
				BUNDLE_LOADER = "$(TEST_HOST)";
				CLANG_CXX_LANGUAGE_STANDARD = "gnu++17";
				CLANG_WARN_QUOTED_INCLUDE_IN_FRAMEWORK_HEADER = YES;
				CODE_SIGN_STYLE = Automatic;
				CURRENT_PROJECT_VERSION = 1;
				DEVELOPMENT_TEAM = M578899TL9;
				GENERATE_INFOPLIST_FILE = YES;
				IPHONEOS_DEPLOYMENT_TARGET = 15.4;
				MARKETING_VERSION = 1.0;
				PRODUCT_BUNDLE_IDENTIFIER = "com.psa.ceawimc.Clean-VIP-Unit-Testing";
				PRODUCT_NAME = "$(TARGET_NAME)";
				SWIFT_EMIT_LOC_STRINGS = NO;
				SWIFT_VERSION = 5.0;
				TARGETED_DEVICE_FAMILY = "1,2";
				TEST_HOST = "$(BUILT_PRODUCTS_DIR)/Clean-VIP.app/Clean-VIP";
			};
			name = Release;
		};
		E9AA988627FDB2C700B79324 /* Debug */ = {
			isa = XCBuildConfiguration;
			buildSettings = {
				CLANG_CXX_LANGUAGE_STANDARD = "gnu++17";
				CLANG_WARN_QUOTED_INCLUDE_IN_FRAMEWORK_HEADER = YES;
				CODE_SIGN_STYLE = Automatic;
				CURRENT_PROJECT_VERSION = 1;
				DEVELOPMENT_TEAM = M578899TL9;
				GENERATE_INFOPLIST_FILE = YES;
				IPHONEOS_DEPLOYMENT_TARGET = 15.4;
				MARKETING_VERSION = 1.0;
				PRODUCT_BUNDLE_IDENTIFIER = "com.psa.ceawimc.Clean-VIP-UI-Testing";
				PRODUCT_NAME = "$(TARGET_NAME)";
				SWIFT_EMIT_LOC_STRINGS = NO;
				SWIFT_VERSION = 5.0;
				TARGETED_DEVICE_FAMILY = "1,2";
				TEST_TARGET_NAME = "Clean-VIP";
			};
			name = Debug;
		};
		E9AA988727FDB2C700B79324 /* Release */ = {
			isa = XCBuildConfiguration;
			buildSettings = {
				CLANG_CXX_LANGUAGE_STANDARD = "gnu++17";
				CLANG_WARN_QUOTED_INCLUDE_IN_FRAMEWORK_HEADER = YES;
				CODE_SIGN_STYLE = Automatic;
				CURRENT_PROJECT_VERSION = 1;
				DEVELOPMENT_TEAM = M578899TL9;
				GENERATE_INFOPLIST_FILE = YES;
				IPHONEOS_DEPLOYMENT_TARGET = 15.4;
				MARKETING_VERSION = 1.0;
				PRODUCT_BUNDLE_IDENTIFIER = "com.psa.ceawimc.Clean-VIP-UI-Testing";
				PRODUCT_NAME = "$(TARGET_NAME)";
				SWIFT_EMIT_LOC_STRINGS = NO;
				SWIFT_VERSION = 5.0;
				TARGETED_DEVICE_FAMILY = "1,2";
				TEST_TARGET_NAME = "Clean-VIP";
			};
			name = Release;
		};
/* End XCBuildConfiguration section */

/* Begin XCConfigurationList section */
		1C4818B5247CDF03001B0324 /* Build configuration list for PBXProject "Clean-VIP" */ = {
			isa = XCConfigurationList;
			buildConfigurations = (
				1C4818CC247CDF06001B0324 /* Debug */,
				1C4818CD247CDF06001B0324 /* Release */,
			);
			defaultConfigurationIsVisible = 0;
			defaultConfigurationName = Release;
		};
		1C4818CE247CDF06001B0324 /* Build configuration list for PBXNativeTarget "Clean-VIP" */ = {
			isa = XCConfigurationList;
			buildConfigurations = (
				1C4818CF247CDF06001B0324 /* Debug */,
				1C4818D0247CDF06001B0324 /* Release */,
			);
			defaultConfigurationIsVisible = 0;
			defaultConfigurationName = Release;
		};
		E9AA987827FDB2AA00B79324 /* Build configuration list for PBXNativeTarget "Clean-VIP-Unit-Testing" */ = {
			isa = XCConfigurationList;
			buildConfigurations = (
				E9AA987627FDB2AA00B79324 /* Debug */,
				E9AA987727FDB2AA00B79324 /* Release */,
			);
			defaultConfigurationIsVisible = 0;
			defaultConfigurationName = Release;
		};
		E9AA988527FDB2C700B79324 /* Build configuration list for PBXNativeTarget "Clean-VIP-UI-Testing" */ = {
			isa = XCConfigurationList;
			buildConfigurations = (
				E9AA988627FDB2C700B79324 /* Debug */,
				E9AA988727FDB2C700B79324 /* Release */,
			);
			defaultConfigurationIsVisible = 0;
			defaultConfigurationName = Release;
		};
/* End XCConfigurationList section */

/* Begin XCVersionGroup section */
		1CEF92AC2480EF4200643631 /* Model.xcdatamodeld */ = {
			isa = XCVersionGroup;
			children = (
				1CEF92AD2480EF4200643631 /* Title.xcdatamodel */,
			);
			currentVersion = 1CEF92AD2480EF4200643631 /* Title.xcdatamodel */;
			path = Model.xcdatamodeld;
			sourceTree = "<group>";
			versionGroupType = wrapper.xcdatamodel;
		};
/* End XCVersionGroup section */
	};
	rootObject = 1C4818B2247CDF03001B0324 /* Project object */;
}
